
Microsoft Visual Studio Solution File, Format Version 12.00
# Visual Studio Version 16
VisualStudioVersion = 16.0.30709.132
MinimumVisualStudioVersion = 10.0.40219.1
Project("{8BC9CEB8-8B4A-11D0-8D11-00A0C91BC942}") = "BusConfigDll", "BusConfigDll\BusConfigDll.vcxproj", "{7EBA0119-D3D3-4273-9B7C-346D1458C34E}"
EndProject
Project("{8BC9CEB8-8B4A-11D0-8D11-00A0C91BC942}") = "CanBusConfigurator", "CanBusConfigurator\CanBusConfigurator.vcxproj", "{150FBD63-4F45-4707-B346-62C321CCAB62}"
EndProject
Project("{8BC9CEB8-8B4A-11D0-8D11-00A0C91BC942}") = "BusConfigConsole", "BusConfigConsole\BusConfigConsole.vcxproj", "{16614571-4E8E-4FB2-A763-63D35D7241A7}"
EndProject
Global
	GlobalSection(SolutionConfigurationPlatforms) = preSolution
		Debug|x64 = Debug|x64
		Debug|x86 = Debug|x86
		Release|x64 = Release|x64
		Release|x86 = Release|x86
	EndGlobalSection
	GlobalSection(ProjectConfigurationPlatforms) = postSolution
		{7EBA0119-D3D3-4273-9B7C-346D1458C34E}.Debug|x64.ActiveCfg = Debug|x64
		{7EBA0119-D3D3-4273-9B7C-346D1458C34E}.Debug|x64.Build.0 = Debug|x64
		{7EBA0119-D3D3-4273-9B7C-346D1458C34E}.Debug|x86.ActiveCfg = Debug|Win32
		{7EBA0119-D3D3-4273-9B7C-346D1458C34E}.Debug|x86.Build.0 = Debug|Win32
		{7EBA0119-D3D3-4273-9B7C-346D1458C34E}.Release|x64.ActiveCfg = Release|x64
		{7EBA0119-D3D3-4273-9B7C-346D1458C34E}.Release|x64.Build.0 = Release|x64
		{7EBA0119-D3D3-4273-9B7C-346D1458C34E}.Release|x86.ActiveCfg = Release|Win32
		{7EBA0119-D3D3-4273-9B7C-346D1458C34E}.Release|x86.Build.0 = Release|Win32
		{150FBD63-4F45-4707-B346-62C321CCAB62}.Debug|x64.ActiveCfg = Debug|x64
		{150FBD63-4F45-4707-B346-62C321CCAB62}.Debug|x64.Build.0 = Debug|x64
		{150FBD63-4F45-4707-B346-62C321CCAB62}.Debug|x86.ActiveCfg = Debug|x64
		{150FBD63-4F45-4707-B346-62C321CCAB62}.Release|x64.ActiveCfg = Release|x64
		{150FBD63-4F45-4707-B346-62C321CCAB62}.Release|x64.Build.0 = Release|x64
		{150FBD63-4F45-4707-B346-62C321CCAB62}.Release|x86.ActiveCfg = Release|x64
		{16614571-4E8E-4FB2-A763-63D35D7241A7}.Debug|x64.ActiveCfg = Debug|x64
		{16614571-4E8E-4FB2-A763-63D35D7241A7}.Debug|x64.Build.0 = Debug|x64
		{16614571-4E8E-4FB2-A763-63D35D7241A7}.Debug|x86.ActiveCfg = Debug|Win32
		{16614571-4E8E-4FB2-A763-63D35D7241A7}.Debug|x86.Build.0 = Debug|Win32
		{16614571-4E8E-4FB2-A763-63D35D7241A7}.Release|x64.ActiveCfg = Release|x64
		{16614571-4E8E-4FB2-A763-63D35D7241A7}.Release|x64.Build.0 = Release|x64
		{16614571-4E8E-4FB2-A763-63D35D7241A7}.Release|x86.ActiveCfg = Release|Win32
		{16614571-4E8E-4FB2-A763-63D35D7241A7}.Release|x86.Build.0 = Release|Win32
	EndGlobalSection
	GlobalSection(SolutionProperties) = preSolution
		HideSolutionNode = FALSE
	EndGlobalSection
	GlobalSection(ExtensibilityGlobals) = postSolution
		SolutionGuid = {24FB3A7D-64B8-4B56-AD94-ACB71E9546D2}
	EndGlobalSection
EndGlobal
