<?xml version="1.0" encoding="utf-8"?>
<Project ToolsVersion="4.0" xmlns="http://schemas.microsoft.com/developer/msbuild/2003">
  <ItemGroup>
    <Filter Include="Pliki źródłowe">
      <UniqueIdentifier>{4FC737F1-C7A5-4376-A066-2A32D752A2FF}</UniqueIdentifier>
      <Extensions>cpp;c;cc;cxx;c++;cppm;ixx;def;odl;idl;hpj;bat;asm;asmx</Extensions>
    </Filter>
    <Filter Include="Pliki nagłówkowe">
      <UniqueIdentifier>{93995380-89BD-4b04-88EB-625FBE52EBFB}</UniqueIdentifier>
      <Extensions>h;hh;hpp;hxx;h++;hm;inl;inc;ipp;xsd</Extensions>
    </Filter>
    <Filter Include="Pliki zasobów">
      <UniqueIdentifier>{67DA6AB6-F800-4c08-8B7A-83BB121AAD01}</UniqueIdentifier>
      <Extensions>rc;ico;cur;bmp;dlg;rc2;rct;bin;rgs;gif;jpg;jpeg;jpe;resx;tiff;tif;png;wav;mfcribbon-ms</Extensions>
    </Filter>
    <Filter Include="Interfaces">
      <UniqueIdentifier>{430afae3-f561-47f5-ace2-6f51e9657334}</UniqueIdentifier>
    </Filter>
    <Filter Include="Utils">
      <UniqueIdentifier>{d8253de9-ea8d-4d7f-9548-818af9dc0557}</UniqueIdentifier>
    </Filter>
    <Filter Include="Interfaces\CanAttributes">
      <UniqueIdentifier>{ebafb87d-e0b8-4283-887a-81d32f4262d7}</UniqueIdentifier>
    </Filter>
    <Filter Include="Pliki nagłówkowe\CanAttributes">
      <UniqueIdentifier>{6d0756ba-fd8c-4df9-942b-ab4938374328}</UniqueIdentifier>
    </Filter>
    <Filter Include="Pliki źródłowe\CanAttributes">
      <UniqueIdentifier>{7d99acf4-8289-4540-8d53-4029200431d5}</UniqueIdentifier>
    </Filter>
    <Filter Include="Pliki nagłówkowe\CanEnvironmentVariables">
      <UniqueIdentifier>{f475f4fd-f50a-4a7d-88be-064c40026516}</UniqueIdentifier>
    </Filter>
    <Filter Include="Interfaces\CanEnvironmentVariables">
      <UniqueIdentifier>{c6642526-6775-441a-9fc1-feb7e408dd60}</UniqueIdentifier>
    </Filter>
    <Filter Include="Pliki źródłowe\CanEnvironmentVariables">
      <UniqueIdentifier>{88635922-ef41-4af8-8ae5-5e7ec3a0a3cf}</UniqueIdentifier>
    </Filter>
  </ItemGroup>
  <ItemGroup>
    <ClInclude Include="framework.h">
      <Filter>Pliki nagłówkowe</Filter>
    </ClInclude>
    <ClInclude Include="pch.h">
      <Filter>Pliki nagłówkowe</Filter>
    </ClInclude>
    <ClInclude Include="CanBusConfig\CanBusConfig.h">
      <Filter>Pliki nagłówkowe</Filter>
    </ClInclude>
    <ClInclude Include="CanBusConfig\CanMessage.h">
      <Filter>Pliki nagłówkowe</Filter>
    </ClInclude>
    <ClInclude Include="..\Interfaces\ICanMessage.h">
      <Filter>Interfaces</Filter>
    </ClInclude>
    <ClInclude Include="..\Interfaces\ICanBusConfig.h">
      <Filter>Interfaces</Filter>
    </ClInclude>
    <ClInclude Include="CanBusConfig\CanSignal.h">
      <Filter>Pliki nagłówkowe</Filter>
    </ClInclude>
    <ClInclude Include="..\Interfaces\ICanSignal.h">
      <Filter>Interfaces</Filter>
    </ClInclude>
    <ClInclude Include="..\Interfaces\ICanNode.h">
      <Filter>Interfaces</Filter>
    </ClInclude>
    <ClInclude Include="CanBusConfig\CanNode.h">
      <Filter>Pliki nagłówkowe</Filter>
    </ClInclude>
    <ClInclude Include="CanBusConfig\CanValueTable.h">
      <Filter>Pliki nagłówkowe</Filter>
    </ClInclude>
    <ClInclude Include="..\Interfaces\ICanValueTable.h">
      <Filter>Interfaces</Filter>
    </ClInclude>
    <ClInclude Include="..\Utils\helpers.h">
      <Filter>Utils</Filter>
    </ClInclude>
    <ClInclude Include="..\Interfaces\ICanAttribute.h">
      <Filter>Interfaces\CanAttributes</Filter>
    </ClInclude>
    <ClInclude Include="..\Interfaces\ICanIntAttribute.h">
      <Filter>Interfaces\CanAttributes</Filter>
    </ClInclude>
    <ClInclude Include="..\Interfaces\ICanHexAttribute.h">
      <Filter>Interfaces\CanAttributes</Filter>
    </ClInclude>
    <ClInclude Include="..\Interfaces\ICanFloatAttribute.h">
      <Filter>Interfaces\CanAttributes</Filter>
    </ClInclude>
    <ClInclude Include="..\Interfaces\ICanEnumAttribute.h">
      <Filter>Interfaces\CanAttributes</Filter>
    </ClInclude>
    <ClInclude Include="..\Interfaces\ICanStringAttribute.h">
      <Filter>Interfaces\CanAttributes</Filter>
    </ClInclude>
    <ClInclude Include="CanBusConfig\CanAttribute.h">
      <Filter>Pliki nagłówkowe\CanAttributes</Filter>
    </ClInclude>
    <ClInclude Include="CanBusConfig\CanIntAttribute.h">
      <Filter>Pliki nagłówkowe\CanAttributes</Filter>
    </ClInclude>
    <ClInclude Include="CanBusConfig\CanHexAttribute.h">
      <Filter>Pliki nagłówkowe\CanAttributes</Filter>
    </ClInclude>
    <ClInclude Include="CanBusConfig\CanFloatAttribute.h">
      <Filter>Pliki nagłówkowe\CanAttributes</Filter>
    </ClInclude>
    <ClInclude Include="CanBusConfig\CanStringAttribute.h">
      <Filter>Pliki nagłówkowe\CanAttributes</Filter>
    </ClInclude>
    <ClInclude Include="CanBusConfig\CanEnumAttribute.h">
      <Filter>Pliki nagłówkowe\CanAttributes</Filter>
    </ClInclude>
    <ClInclude Include="..\Interfaces\ICanIntAttributeValue.h">
      <Filter>Interfaces\CanAttributes</Filter>
    </ClInclude>
    <ClInclude Include="..\Interfaces\ICanAttributeValue.h">
      <Filter>Interfaces\CanAttributes</Filter>
    </ClInclude>
    <ClInclude Include="..\Interfaces\ICanHexAttributeValue.h">
      <Filter>Interfaces\CanAttributes</Filter>
    </ClInclude>
    <ClInclude Include="..\Interfaces\ICanFloatAttributeValue.h">
      <Filter>Interfaces\CanAttributes</Filter>
    </ClInclude>
    <ClInclude Include="..\Interfaces\ICanStringAttributeValue.h">
      <Filter>Interfaces\CanAttributes</Filter>
    </ClInclude>
    <ClInclude Include="..\Interfaces\ICanEnumAttributeValue.h">
      <Filter>Interfaces\CanAttributes</Filter>
    </ClInclude>
    <ClInclude Include="CanBusConfig\CanIntAttributeValue.h">
      <Filter>Pliki nagłówkowe\CanAttributes</Filter>
    </ClInclude>
    <ClInclude Include="CanBusConfig\CanHexAttributeValue.h">
      <Filter>Pliki nagłówkowe\CanAttributes</Filter>
    </ClInclude>
    <ClInclude Include="CanBusConfig\CanFloatAttributeValue.h">
      <Filter>Pliki nagłówkowe\CanAttributes</Filter>
    </ClInclude>
    <ClInclude Include="CanBusConfig\CanStringAttributeValue.h">
      <Filter>Pliki nagłówkowe\CanAttributes</Filter>
    </ClInclude>
    <ClInclude Include="CanBusConfig\CanEnumAttributeValue.h">
      <Filter>Pliki nagłówkowe\CanAttributes</Filter>
    </ClInclude>
    <ClInclude Include="..\Interfaces\ICanAttributeOwner.h">
      <Filter>Interfaces\CanAttributes</Filter>
    </ClInclude>
    <ClInclude Include="CanBusConfig\CanAttributeOwner.h">
      <Filter>Pliki nagłówkowe\CanAttributes</Filter>
    </ClInclude>
    <ClInclude Include="CanBusConfig\CanAttributeManager.h">
      <Filter>Pliki nagłówkowe\CanAttributes</Filter>
    </ClInclude>
    <ClInclude Include="..\Interfaces\ICanAttributeManager.h">
      <Filter>Interfaces\CanAttributes</Filter>
    </ClInclude>
    <ClInclude Include="..\Interfaces\ICanAttributeType.h">
      <Filter>Interfaces\CanAttributes</Filter>
    </ClInclude>
    <ClInclude Include="..\Interfaces\ICanAttributeCppValueType.h">
      <Filter>Interfaces\CanAttributes</Filter>
    </ClInclude>
    <ClInclude Include="..\Interfaces\ICanAttributeValueType.h">
      <Filter>Interfaces\CanAttributes</Filter>
    </ClInclude>
    <ClInclude Include="..\Interfaces\ICanEnvVar.h">
      <Filter>Interfaces\CanEnvironmentVariables</Filter>
    </ClInclude>
    <ClInclude Include="..\Interfaces\ICanIntEnvVar.h">
      <Filter>Interfaces\CanEnvironmentVariables</Filter>
    </ClInclude>
    <ClInclude Include="..\Interfaces\ICanFloatEnvVar.h">
      <Filter>Interfaces\CanEnvironmentVariables</Filter>
    </ClInclude>
    <ClInclude Include="..\Interfaces\ICanStringEnvVar.h">
      <Filter>Interfaces\CanEnvironmentVariables</Filter>
    </ClInclude>
    <ClInclude Include="..\Interfaces\ICanDataEnvVar.h">
      <Filter>Interfaces\CanEnvironmentVariables</Filter>
    </ClInclude>
    <ClInclude Include="CanBusConfig\CanEnvVar.h">
      <Filter>Pliki nagłówkowe\CanEnvironmentVariables</Filter>
    </ClInclude>
    <ClInclude Include="CanBusConfig\CanFloatEnvVar.h">
      <Filter>Pliki nagłówkowe\CanEnvironmentVariables</Filter>
    </ClInclude>
    <ClInclude Include="CanBusConfig\CanStringEnvVar.h">
      <Filter>Pliki nagłówkowe\CanEnvironmentVariables</Filter>
    </ClInclude>
    <ClInclude Include="CanBusConfig\CanDataEnvVar.h">
      <Filter>Pliki nagłówkowe\CanEnvironmentVariables</Filter>
    </ClInclude>
    <ClInclude Include="CanBusConfig\CanIntEnvVar.h">
      <Filter>Pliki nagłówkowe\CanEnvironmentVariables</Filter>
    </ClInclude>
    <ClInclude Include="CanBusConfig\CanEnvVarFactory.h">
      <Filter>Pliki nagłówkowe\CanEnvironmentVariables</Filter>
    </ClInclude>
    <ClInclude Include="CanBusConfig\CanAttributeValue.h">
      <Filter>Pliki nagłówkowe\CanAttributes</Filter>
    </ClInclude>
    <ClInclude Include="..\Interfaces\CanAttributeValueFactory.h">
      <Filter>Interfaces\CanAttributes</Filter>
    </ClInclude>
  </ItemGroup>
  <ItemGroup>
    <ClCompile Include="dllmain.cpp">
      <Filter>Pliki źródłowe</Filter>
    </ClCompile>
    <ClCompile Include="pch.cpp">
      <Filter>Pliki źródłowe</Filter>
    </ClCompile>
    <ClCompile Include="CanBusConfig\CanBusConfig.cpp">
      <Filter>Pliki źródłowe</Filter>
    </ClCompile>
    <ClCompile Include="CanBusConfig\CanMessage.cpp">
      <Filter>Pliki źródłowe</Filter>
    </ClCompile>
    <ClCompile Include="..\Interfaces\ICanBusConfig.cpp">
      <Filter>Interfaces</Filter>
    </ClCompile>
    <ClCompile Include="CanBusConfig\CanSignal.cpp">
      <Filter>Pliki źródłowe</Filter>
    </ClCompile>
    <ClCompile Include="CanBusConfig\CanNode.cpp">
      <Filter>Pliki źródłowe</Filter>
    </ClCompile>
    <ClCompile Include="CanBusConfig\CanValueTable.cpp">
      <Filter>Pliki źródłowe</Filter>
    </ClCompile>
    <ClCompile Include="CanBusConfig\CanAttribute.cpp">
      <Filter>Pliki źródłowe\CanAttributes</Filter>
    </ClCompile>
    <ClCompile Include="CanBusConfig\CanIntAttribute.cpp">
      <Filter>Pliki źródłowe\CanAttributes</Filter>
    </ClCompile>
    <ClCompile Include="CanBusConfig\CanHexAttribute.cpp">
      <Filter>Pliki źródłowe\CanAttributes</Filter>
    </ClCompile>
    <ClCompile Include="CanBusConfig\CanFloatAttribute.cpp">
      <Filter>Pliki źródłowe\CanAttributes</Filter>
    </ClCompile>
    <ClCompile Include="CanBusConfig\CanStringAttribute.cpp">
      <Filter>Pliki źródłowe\CanAttributes</Filter>
    </ClCompile>
    <ClCompile Include="CanBusConfig\CanEnumAttribute.cpp">
      <Filter>Pliki źródłowe\CanAttributes</Filter>
    </ClCompile>
    <ClCompile Include="CanBusConfig\CanIntAttributeValue.cpp">
      <Filter>Pliki źródłowe\CanAttributes</Filter>
    </ClCompile>
    <ClCompile Include="CanBusConfig\CanHexAttributeValue.cpp">
      <Filter>Pliki źródłowe\CanAttributes</Filter>
    </ClCompile>
    <ClCompile Include="CanBusConfig\CanFloatAttributeValue.cpp">
      <Filter>Pliki źródłowe\CanAttributes</Filter>
    </ClCompile>
    <ClCompile Include="CanBusConfig\CanStringAttributeValue.cpp">
      <Filter>Pliki źródłowe\CanAttributes</Filter>
    </ClCompile>
    <ClCompile Include="CanBusConfig\CanEnumAttributeValue.cpp">
      <Filter>Pliki źródłowe\CanAttributes</Filter>
    </ClCompile>
    <ClCompile Include="CanBusConfig\CanAttributeOwner.cpp">
      <Filter>Pliki źródłowe\CanAttributes</Filter>
    </ClCompile>
    <ClCompile Include="CanBusConfig\CanAttributeManager.cpp">
      <Filter>Pliki źródłowe\CanAttributes</Filter>
    </ClCompile>
    <ClCompile Include="CanBusConfig\CanEnvVar.cpp">
      <Filter>Pliki źródłowe\CanEnvironmentVariables</Filter>
    </ClCompile>
    <ClCompile Include="CanBusConfig\CanFloatEnvVar.cpp">
      <Filter>Pliki źródłowe\CanEnvironmentVariables</Filter>
    </ClCompile>
    <ClCompile Include="CanBusConfig\CanStringEnvVar.cpp">
      <Filter>Pliki źródłowe\CanEnvironmentVariables</Filter>
    </ClCompile>
    <ClCompile Include="CanBusConfig\CanDataEnvVar.cpp">
      <Filter>Pliki źródłowe\CanEnvironmentVariables</Filter>
    </ClCompile>
    <ClCompile Include="CanBusConfig\CanIntEnvVar.cpp">
      <Filter>Pliki źródłowe\CanEnvironmentVariables</Filter>
    </ClCompile>
    <ClCompile Include="CanBusConfig\CanEnvVarFactory.cpp">
      <Filter>Pliki źródłowe\CanEnvironmentVariables</Filter>
    </ClCompile>
    <ClCompile Include="CanBusConfig\CanAttributeValue.cpp">
      <Filter>Pliki źródłowe\CanAttributes</Filter>
    </ClCompile>
    <ClCompile Include="..\Interfaces\CanAttributeValueFactory.cpp">
      <Filter>Interfaces\CanAttributes</Filter>
    </ClCompile>
  </ItemGroup>
  <ItemGroup>
    <None Include="BusConfigDll.def">
      <Filter>Pliki nagłówkowe</Filter>
    </None>
  </ItemGroup>
</Project>